
Microsoft Visual Studio Solution File, Format Version 12.00
# Visual Studio Version 16
VisualStudioVersion = 16.0.31321.278
MinimumVisualStudioVersion = 10.0.40219.1
Project("{9A19103F-16F7-4668-BE54-9A1E7A4F7556}") = "Uned.EFBasics", "Uned.EFBasics.DA\Uned.EFBasics.csproj", "{1EC1D61F-A12B-4305-A3E5-AD8EFB10824F}"
EndProject
Project("{9A19103F-16F7-4668-BE54-9A1E7A4F7556}") = "Uned.EFBasics.UI", "Uned.EFBasics.UI\Uned.EFBasics.UI.csproj", "{6C340568-BFCC-4290-B5FD-9B535DC9BD52}"
EndProject
Global
	GlobalSection(SolutionConfigurationPlatforms) = preSolution
		Debug|Any CPU = Debug|Any CPU
		Release|Any CPU = Release|Any CPU
	EndGlobalSection
	GlobalSection(ProjectConfigurationPlatforms) = postSolution
		{1EC1D61F-A12B-4305-A3E5-AD8EFB10824F}.Debug|Any CPU.ActiveCfg = Debug|Any CPU
		{1EC1D61F-A12B-4305-A3E5-AD8EFB10824F}.Debug|Any CPU.Build.0 = Debug|Any CPU
		{1EC1D61F-A12B-4305-A3E5-AD8EFB10824F}.Release|Any CPU.ActiveCfg = Release|Any CPU
		{1EC1D61F-A12B-4305-A3E5-AD8EFB10824F}.Release|Any CPU.Build.0 = Release|Any CPU
		{6C340568-BFCC-4290-B5FD-9B535DC9BD52}.Debug|Any CPU.ActiveCfg = Debug|Any CPU
		{6C340568-BFCC-4290-B5FD-9B535DC9BD52}.Debug|Any CPU.Build.0 = Debug|Any CPU
		{6C340568-BFCC-4290-B5FD-9B535DC9BD52}.Release|Any CPU.ActiveCfg = Release|Any CPU
		{6C340568-BFCC-4290-B5FD-9B535DC9BD52}.Release|Any CPU.Build.0 = Release|Any CPU
	EndGlobalSection
	GlobalSection(SolutionProperties) = preSolution
		HideSolutionNode = FALSE
	EndGlobalSection
	GlobalSection(ExtensibilityGlobals) = postSolution
		SolutionGuid = {8088BE6B-3C92-4678-8649-55FF28BAB763}
	EndGlobalSection
EndGlobal
